// !$*UTF8*$!
{
	archiveVersion = 1;
	classes = {
	};
	objectVersion = 46;
	objects = {

/* Begin PBXBuildFile section */
		9E42D9821CD6B68800822D34 /* AppDelegate.swift in Sources */ = {isa = PBXBuildFile; fileRef = 9E42D9811CD6B68800822D34 /* AppDelegate.swift */; };
		9E42D9841CD6B68800822D34 /* ViewController.swift in Sources */ = {isa = PBXBuildFile; fileRef = 9E42D9831CD6B68800822D34 /* ViewController.swift */; };
		9E42D9871CD6B68800822D34 /* Main.storyboard in Resources */ = {isa = PBXBuildFile; fileRef = 9E42D9851CD6B68800822D34 /* Main.storyboard */; };
		9E42D98A1CD6B68800822D34 /* App_pokedex.xcdatamodeld in Sources */ = {isa = PBXBuildFile; fileRef = 9E42D9881CD6B68800822D34 /* App_pokedex.xcdatamodeld */; };
		9E42D98C1CD6B68800822D34 /* Assets.xcassets in Resources */ = {isa = PBXBuildFile; fileRef = 9E42D98B1CD6B68800822D34 /* Assets.xcassets */; };
		9E42D98F1CD6B68800822D34 /* LaunchScreen.storyboard in Resources */ = {isa = PBXBuildFile; fileRef = 9E42D98D1CD6B68800822D34 /* LaunchScreen.storyboard */; };
/* End PBXBuildFile section */

/* Begin PBXFileReference section */
		9E42D97E1CD6B68800822D34 /* App-pokedex.app */ = {isa = PBXFileReference; explicitFileType = wrapper.application; includeInIndex = 0; path = "App-pokedex.app"; sourceTree = BUILT_PRODUCTS_DIR; };
		9E42D9811CD6B68800822D34 /* AppDelegate.swift */ = {isa = PBXFileReference; lastKnownFileType = sourcecode.swift; path = AppDelegate.swift; sourceTree = "<group>"; };
		9E42D9831CD6B68800822D34 /* ViewController.swift */ = {isa = PBXFileReference; lastKnownFileType = sourcecode.swift; path = ViewController.swift; sourceTree = "<group>"; };
		9E42D9861CD6B68800822D34 /* Base */ = {isa = PBXFileReference; lastKnownFileType = file.storyboard; name = Base; path = Base.lproj/Main.storyboard; sourceTree = "<group>"; };
		9E42D9891CD6B68800822D34 /* App_pokedex.xcdatamodel */ = {isa = PBXFileReference; lastKnownFileType = wrapper.xcdatamodel; path = App_pokedex.xcdatamodel; sourceTree = "<group>"; };
		9E42D98B1CD6B68800822D34 /* Assets.xcassets */ = {isa = PBXFileReference; lastKnownFileType = folder.assetcatalog; path = Assets.xcassets; sourceTree = "<group>"; };
		9E42D98E1CD6B68800822D34 /* Base */ = {isa = PBXFileReference; lastKnownFileType = file.storyboard; name = Base; path = Base.lproj/LaunchScreen.storyboard; sourceTree = "<group>"; };
		9E42D9901CD6B68800822D34 /* Info.plist */ = {isa = PBXFileReference; lastKnownFileType = text.plist.xml; path = Info.plist; sourceTree = "<group>"; };
/* End PBXFileReference section */

/* Begin PBXFrameworksBuildPhase section */
		9E42D97B1CD6B68800822D34 /* Frameworks */ = {
			isa = PBXFrameworksBuildPhase;
			buildActionMask = 2147483647;
			files = (
			);
			runOnlyForDeploymentPostprocessing = 0;
		};
/* End PBXFrameworksBuildPhase section */

/* Begin PBXGroup section */
		9E42D9751CD6B68800822D34 = {
			isa = PBXGroup;
			children = (
				9E42D9801CD6B68800822D34 /* App-pokedex */,
				9E42D97F1CD6B68800822D34 /* Products */,
			);
			sourceTree = "<group>";
		};
		9E42D97F1CD6B68800822D34 /* Products */ = {
			isa = PBXGroup;
			children = (
				9E42D97E1CD6B68800822D34 /* App-pokedex.app */,
			);
			name = Products;
			sourceTree = "<group>";
		};
		9E42D9801CD6B68800822D34 /* App-pokedex */ = {
			isa = PBXGroup;
			children = (
				9E42D9811CD6B68800822D34 /* AppDelegate.swift */,
				9E42D9831CD6B68800822D34 /* ViewController.swift */,
				9E42D9851CD6B68800822D34 /* Main.storyboard */,
				9E42D98B1CD6B68800822D34 /* Assets.xcassets */,
				9E42D98D1CD6B68800822D34 /* LaunchScreen.storyboard */,
				9E42D9901CD6B68800822D34 /* Info.plist */,
				9E42D9881CD6B68800822D34 /* App_pokedex.xcdatamodeld */,
			);
			path = "App-pokedex";
			sourceTree = "<group>";
		};
/* End PBXGroup section */

/* Begin PBXNativeTarget section */
		9E42D97D1CD6B68800822D34 /* App-pokedex */ = {
			isa = PBXNativeTarget;
			buildConfigurationList = 9E42D9931CD6B68800822D34 /* Build configuration list for PBXNativeTarget "App-pokedex" */;
			buildPhases = (
				9E42D97A1CD6B68800822D34 /* Sources */,
				9E42D97B1CD6B68800822D34 /* Frameworks */,
				9E42D97C1CD6B68800822D34 /* Resources */,
			);
			buildRules = (
			);
			dependencies = (
			);
			name = "App-pokedex";
			productName = "App-pokedex";
			productReference = 9E42D97E1CD6B68800822D34 /* App-pokedex.app */;
			productType = "com.apple.product-type.application";
		};
/* End PBXNativeTarget section */

/* Begin PBXProject section */
		9E42D9761CD6B68800822D34 /* Project object */ = {
			isa = PBXProject;
			attributes = {
				LastSwiftUpdateCheck = 0730;
				LastUpgradeCheck = 0730;
				ORGANIZATIONNAME = "Quinto Cossio";
				TargetAttributes = {
					9E42D97D1CD6B68800822D34 = {
						CreatedOnToolsVersion = 7.3;
					};
				};
			};
			buildConfigurationList = 9E42D9791CD6B68800822D34 /* Build configuration list for PBXProject "App-pokedex" */;
			compatibilityVersion = "Xcode 3.2";
			developmentRegion = English;
			hasScannedForEncodings = 0;
			knownRegions = (
				en,
				Base,
			);
			mainGroup = 9E42D9751CD6B68800822D34;
			productRefGroup = 9E42D97F1CD6B68800822D34 /* Products */;
			projectDirPath = "";
			projectRoot = "";
			targets = (
				9E42D97D1CD6B68800822D34 /* App-pokedex */,
			);
		};
/* End PBXProject section */

/* Begin PBXResourcesBuildPhase section */
		9E42D97C1CD6B68800822D34 /* Resources */ = {
			isa = PBXResourcesBuildPhase;
			buildActionMask = 2147483647;
			files = (
				9E42D98F1CD6B68800822D34 /* LaunchScreen.storyboard in Resources */,
				9E42D98C1CD6B68800822D34 /* Assets.xcassets in Resources */,
				9E42D9871CD6B68800822D34 /* Main.storyboard in Resources */,
			);
			runOnlyForDeploymentPostprocessing = 0;
		};
/* End PBXResourcesBuildPhase section */

/* Begin PBXSourcesBuildPhase section */
		9E42D97A1CD6B68800822D34 /* Sources */ = {
			isa = PBXSourcesBuildPhase;
			buildActionMask = 2147483647;
			files = (
				9E42D9841CD6B68800822D34 /* ViewController.swift in Sources */,
				9E42D98A1CD6B68800822D34 /* App_pokedex.xcdatamodeld in Sources */,
				9E42D9821CD6B68800822D34 /* AppDelegate.swift in Sources */,
			);
			runOnlyForDeploymentPostprocessing = 0;
		};
/* End PBXSourcesBuildPhase section */

/* Begin PBXVariantGroup section */
		9E42D9851CD6B68800822D34 /* Main.storyboard */ = {
			isa = PBXVariantGroup;
			children = (
				9E42D9861CD6B68800822D34 /* Base */,
			);
			name = Main.storyboard;
			sourceTree = "<group>";
		};
		9E42D98D1CD6B68800822D34 /* LaunchScreen.storyboard */ = {
			isa = PBXVariantGroup;
			children = (
				9E42D98E1CD6B68800822D34 /* Base */,
			);
			name = LaunchScreen.storyboard;
			sourceTree = "<group>";
		};
/* End PBXVariantGroup section */

/* Begin XCBuildConfiguration section */
		9E42D9911CD6B68800822D34 /* Debug */ = {
			isa = XCBuildConfiguration;
			buildSettings = {
				ALWAYS_SEARCH_USER_PATHS = NO;
				CLANG_ANALYZER_NONNULL = YES;
				CLANG_CXX_LANGUAGE_STANDARD = "gnu++0x";
				CLANG_CXX_LIBRARY = "libc++";
				CLANG_ENABLE_MODULES = YES;
				CLANG_ENABLE_OBJC_ARC = YES;
				CLANG_WARN_BOOL_CONVERSION = YES;
				CLANG_WARN_CONSTANT_CONVERSION = YES;
				CLANG_WARN_DIRECT_OBJC_ISA_USAGE = YES_ERROR;
				CLANG_WARN_EMPTY_BODY = YES;
				CLANG_WARN_ENUM_CONVERSION = YES;
				CLANG_WARN_INT_CONVERSION = YES;
				CLANG_WARN_OBJC_ROOT_CLASS = YES_ERROR;
				CLANG_WARN_UNREACHABLE_CODE = YES;
				CLANG_WARN__DUPLICATE_METHOD_MATCH = YES;
				"CODE_SIGN_IDENTITY[sdk=iphoneos*]" = "iPhone Developer";
				COPY_PHASE_STRIP = NO;
				DEBUG_INFORMATION_FORMAT = dwarf;
				ENABLE_STRICT_OBJC_MSGSEND = YES;
				ENABLE_TESTABILITY = YES;
				GCC_C_LANGUAGE_STANDARD = gnu99;
				GCC_DYNAMIC_NO_PIC = NO;
				GCC_NO_COMMON_BLOCKS = YES;
				GCC_OPTIMIZATION_LEVEL = 0;
				GCC_PREPROCESSOR_DEFINITIONS = (
					"DEBUG=1",
					"$(inherited)",
				);
				GCC_WARN_64_TO_32_BIT_CONVERSION = YES;
				GCC_WARN_ABOUT_RETURN_TYPE = YES_ERROR;
				GCC_WARN_UNDECLARED_SELECTOR = YES;
				GCC_WARN_UNINITIALIZED_AUTOS = YES_AGGRESSIVE;
				GCC_WARN_UNUSED_FUNCTION = YES;
				GCC_WARN_UNUSED_VARIABLE = YES;
				IPHONEOS_DEPLOYMENT_TARGET = 9.3;
				MTL_ENABLE_DEBUG_INFO = YES;
				ONLY_ACTIVE_ARCH = YES;
				SDKROOT = iphoneos;
				SWIFT_OPTIMIZATION_LEVEL = "-Onone";
				TARGETED_DEVICE_FAMILY = "1,2";
			};
			name = Debug;
		};
		9E42D9921CD6B68800822D34 /* Release */ = {
			isa = XCBuildConfiguration;
			buildSettings = {
				ALWAYS_SEARCH_USER_PATHS = NO;
				CLANG_ANALYZER_NONNULL = YES;
				CLANG_CXX_LANGUAGE_STANDARD = "gnu++0x";
				CLANG_CXX_LIBRARY = "libc++";
				CLANG_ENABLE_MODULES = YES;
				CLANG_ENABLE_OBJC_ARC = YES;
				CLANG_WARN_BOOL_CONVERSION = YES;
				CLANG_WARN_CONSTANT_CONVERSION = YES;
				CLANG_WARN_DIRECT_OBJC_ISA_USAGE = YES_ERROR;
				CLANG_WARN_EMPTY_BODY = YES;
				CLANG_WARN_ENUM_CONVERSION = YES;
				CLANG_WARN_INT_CONVERSION = YES;
				CLANG_WARN_OBJC_ROOT_CLASS = YES_ERROR;
				CLANG_WARN_UNREACHABLE_CODE = YES;
				CLANG_WARN__DUPLICATE_METHOD_MATCH = YES;
				"CODE_SIGN_IDENTITY[sdk=iphoneos*]" = "iPhone Developer";
				COPY_PHASE_STRIP = NO;
				DEBUG_INFORMATION_FORMAT = "dwarf-with-dsym";
				ENABLE_NS_ASSERTIONS = NO;
				ENABLE_STRICT_OBJC_MSGSEND = YES;
				GCC_C_LANGUAGE_STANDARD = gnu99;
				GCC_NO_COMMON_BLOCKS = YES;
				GCC_WARN_64_TO_32_BIT_CONVERSION = YES;
				GCC_WARN_ABOUT_RETURN_TYPE = YES_ERROR;
				GCC_WARN_UNDECLARED_SELECTOR = YES;
				GCC_WARN_UNINITIALIZED_AUTOS = YES_AGGRESSIVE;
				GCC_WARN_UNUSED_FUNCTION = YES;
				GCC_WARN_UNUSED_VARIABLE = YES;
				IPHONEOS_DEPLOYMENT_TARGET = 9.3;
				MTL_ENABLE_DEBUG_INFO = NO;
				SDKROOT = iphoneos;
				TARGETED_DEVICE_FAMILY = "1,2";
				VALIDATE_PRODUCT = YES;
			};
			name = Release;
		};
		9E42D9941CD6B68800822D34 /* Debug */ = {
			isa = XCBuildConfiguration;
			buildSettings = {
				ASSETCATALOG_COMPILER_APPICON_NAME = AppIcon;
				INFOPLIST_FILE = "App-pokedex/Info.plist";
				LD_RUNPATH_SEARCH_PATHS = "$(inherited) @executable_path/Frameworks";
				PRODUCT_BUNDLE_IDENTIFIER = "tripapp.App-pokedex";
				PRODUCT_NAME = "$(TARGET_NAME)";
			};
			name = Debug;
		};
		9E42D9951CD6B68800822D34 /* Release */ = {
			isa = XCBuildConfiguration;
			buildSettings = {
				ASSETCATALOG_COMPILER_APPICON_NAME = AppIcon;
				INFOPLIST_FILE = "App-pokedex/Info.plist";
				LD_RUNPATH_SEARCH_PATHS = "$(inherited) @executable_path/Frameworks";
				PRODUCT_BUNDLE_IDENTIFIER = "tripapp.App-pokedex";
				PRODUCT_NAME = "$(TARGET_NAME)";
			};
			name = Release;
		};
/* End XCBuildConfiguration section */

/* Begin XCConfigurationList section */
		9E42D9791CD6B68800822D34 /* Build configuration list for PBXProject "App-pokedex" */ = {
			isa = XCConfigurationList;
			buildConfigurations = (
				9E42D9911CD6B68800822D34 /* Debug */,
				9E42D9921CD6B68800822D34 /* Release */,
			);
			defaultConfigurationIsVisible = 0;
			defaultConfigurationName = Release;
		};
		9E42D9931CD6B68800822D34 /* Build configuration list for PBXNativeTarget "App-pokedex" */ = {
			isa = XCConfigurationList;
			buildConfigurations = (
				9E42D9941CD6B68800822D34 /* Debug */,
				9E42D9951CD6B68800822D34 /* Release */,
			);
			defaultConfigurationIsVisible = 0;
		};
/* End XCConfigurationList section */

/* Begin XCVersionGroup section */
		9E42D9881CD6B68800822D34 /* App_pokedex.xcdatamodeld */ = {
			isa = XCVersionGroup;
			children = (
				9E42D9891CD6B68800822D34 /* App_pokedex.xcdatamodel */,
			);
			currentVersion = 9E42D9891CD6B68800822D34 /* App_pokedex.xcdatamodel */;
			path = App_pokedex.xcdatamodeld;
			sourceTree = "<group>";
			versionGroupType = wrapper.xcdatamodel;
		};
/* End XCVersionGroup section */
	};
	rootObject = 9E42D9761CD6B68800822D34 /* Project object */;
}
